
Microsoft Visual Studio Solution File, Format Version 12.00
# Visual Studio 15
VisualStudioVersion = 15.0.28010.2046
MinimumVisualStudioVersion = 10.0.40219.1
Project("{2150E333-8FDC-42A3-9474-1A3956D46DE8}") = "0 - Presentation", "0 - Presentation", "{E8CE6537-D0C5-4C36-BE3B-629E915AE78F}"
EndProject
Project("{2150E333-8FDC-42A3-9474-1A3956D46DE8}") = "1 - Application", "1 - Application", "{E9123610-CDFF-4780-AD9F-9F0A8B6E1CB2}"
EndProject
Project("{2150E333-8FDC-42A3-9474-1A3956D46DE8}") = "2 - Domain", "2 - Domain", "{8E6F079E-36FE-46A9-AA7F-539B7E5E7173}"
EndProject
Project("{2150E333-8FDC-42A3-9474-1A3956D46DE8}") = "3 - Infra", "3 - Infra", "{8A716F54-D080-4110-A086-2510D3F9C98A}"
EndProject
Project("{FAE04EC0-301F-11D3-BF4B-00C04F79EFBC}") = "Application", "Application\Application.csproj", "{064B7946-24BC-4A0A-B66A-7D140EC0E93C}"
EndProject
Project("{FAE04EC0-301F-11D3-BF4B-00C04F79EFBC}") = "Domain", "Domain\Domain.csproj", "{5B3E6C26-F078-4DD1-91FF-CAC7438567F9}"
EndProject
Project("{FAE04EC0-301F-11D3-BF4B-00C04F79EFBC}") = "DataAccess", "DataAccess\DataAccess.csproj", "{ADFB9500-6E72-4BDE-823C-A18EB5CEB77F}"
EndProject
Project("{FAE04EC0-301F-11D3-BF4B-00C04F79EFBC}") = "WebApplication", "WebApplication\WebApplication.csproj", "{F6553395-BFB4-4AAA-BFE5-1AAA96AB5B94}"
EndProject
Global
	GlobalSection(SolutionConfigurationPlatforms) = preSolution
		Debug|Any CPU = Debug|Any CPU
		Release|Any CPU = Release|Any CPU
	EndGlobalSection
	GlobalSection(ProjectConfigurationPlatforms) = postSolution
		{064B7946-24BC-4A0A-B66A-7D140EC0E93C}.Debug|Any CPU.ActiveCfg = Debug|Any CPU
		{064B7946-24BC-4A0A-B66A-7D140EC0E93C}.Debug|Any CPU.Build.0 = Debug|Any CPU
		{064B7946-24BC-4A0A-B66A-7D140EC0E93C}.Release|Any CPU.ActiveCfg = Release|Any CPU
		{064B7946-24BC-4A0A-B66A-7D140EC0E93C}.Release|Any CPU.Build.0 = Release|Any CPU
		{5B3E6C26-F078-4DD1-91FF-CAC7438567F9}.Debug|Any CPU.ActiveCfg = Debug|Any CPU
		{5B3E6C26-F078-4DD1-91FF-CAC7438567F9}.Debug|Any CPU.Build.0 = Debug|Any CPU
		{5B3E6C26-F078-4DD1-91FF-CAC7438567F9}.Release|Any CPU.ActiveCfg = Release|Any CPU
		{5B3E6C26-F078-4DD1-91FF-CAC7438567F9}.Release|Any CPU.Build.0 = Release|Any CPU
		{ADFB9500-6E72-4BDE-823C-A18EB5CEB77F}.Debug|Any CPU.ActiveCfg = Debug|Any CPU
		{ADFB9500-6E72-4BDE-823C-A18EB5CEB77F}.Debug|Any CPU.Build.0 = Debug|Any CPU
		{ADFB9500-6E72-4BDE-823C-A18EB5CEB77F}.Release|Any CPU.ActiveCfg = Release|Any CPU
		{ADFB9500-6E72-4BDE-823C-A18EB5CEB77F}.Release|Any CPU.Build.0 = Release|Any CPU
		{F6553395-BFB4-4AAA-BFE5-1AAA96AB5B94}.Debug|Any CPU.ActiveCfg = Debug|Any CPU
		{F6553395-BFB4-4AAA-BFE5-1AAA96AB5B94}.Debug|Any CPU.Build.0 = Debug|Any CPU
		{F6553395-BFB4-4AAA-BFE5-1AAA96AB5B94}.Release|Any CPU.ActiveCfg = Release|Any CPU
		{F6553395-BFB4-4AAA-BFE5-1AAA96AB5B94}.Release|Any CPU.Build.0 = Release|Any CPU
	EndGlobalSection
	GlobalSection(SolutionProperties) = preSolution
		HideSolutionNode = FALSE
	EndGlobalSection
	GlobalSection(NestedProjects) = preSolution
		{064B7946-24BC-4A0A-B66A-7D140EC0E93C} = {E9123610-CDFF-4780-AD9F-9F0A8B6E1CB2}
		{5B3E6C26-F078-4DD1-91FF-CAC7438567F9} = {8E6F079E-36FE-46A9-AA7F-539B7E5E7173}
		{ADFB9500-6E72-4BDE-823C-A18EB5CEB77F} = {8A716F54-D080-4110-A086-2510D3F9C98A}
		{F6553395-BFB4-4AAA-BFE5-1AAA96AB5B94} = {E8CE6537-D0C5-4C36-BE3B-629E915AE78F}
	EndGlobalSection
	GlobalSection(ExtensibilityGlobals) = postSolution
		SolutionGuid = {823D3BEC-4AE7-4E93-AB49-FA7B262132AB}
	EndGlobalSection
EndGlobal
